
Microsoft Visual Studio Solution File, Format Version 12.00
# Visual Studio Version 17
VisualStudioVersion = 17.0.31903.59
MinimumVisualStudioVersion = 10.0.40219.1
Project("{2150E333-8FDC-42A3-9474-1A3956D46DE8}") = "src", "src", "{8332AB67-4AFC-43E7-902A-402319EDC9D2}"
EndProject
Project("{FAE04EC0-301F-11D3-BF4B-00C04F79EFBC}") = "Toolkit.Core", "src\Toolkit.Core\Toolkit.Core.csproj", "{B3FFF02E-0902-481B-A7F8-6330B7894406}"
EndProject
Project("{2150E333-8FDC-42A3-9474-1A3956D46DE8}") = "tools", "tools", "{36B74A73-B10D-4436-9884-CF30B60B73E7}"
EndProject
Project("{FAE04EC0-301F-11D3-BF4B-00C04F79EFBC}") = "ApiInventory", "tools\api-inventory\ApiInventory.csproj", "{F5D82BCE-E1F8-4941-ABF4-3C022C019BE1}"
EndProject
Project("{FAE04EC0-301F-11D3-BF4B-00C04F79EFBC}") = "CorsAuditor", "tools\cors-auditor\CorsAuditor.csproj", "{107A7E72-405C-4C9D-848A-0FE83283DA3B}"
EndProject
Project("{FAE04EC0-301F-11D3-BF4B-00C04F79EFBC}") = "FindingDeduplicator", "tools\finding-deduplicator\FindingDeduplicator.csproj", "{30CC0254-177A-405A-A9B0-016C2BDDB08C}"
EndProject
Project("{FAE04EC0-301F-11D3-BF4B-00C04F79EFBC}") = "JsonCsvExporter", "tools\json-csv-exporter\JsonCsvExporter.csproj", "{DD561935-2229-4322-B7E1-B9BE39180F94}"
EndProject
Project("{FAE04EC0-301F-11D3-BF4B-00C04F79EFBC}") = "JwtInspector", "tools\jwt-inspector\JwtInspector.csproj", "{5818EE02-4690-41E2-B9AD-507B04FA22EE}"
EndProject
Project("{FAE04EC0-301F-11D3-BF4B-00C04F79EFBC}") = "MarkdownFindingTemplate", "tools\markdown-finding-template\MarkdownFindingTemplate.csproj", "{583DE7D3-8CCE-461E-BC0E-D45042D457E5}"
EndProject
Project("{FAE04EC0-301F-11D3-BF4B-00C04F79EFBC}") = "OpenRedirectChecker", "tools\open-redirect-checker\OpenRedirectChecker.csproj", "{7AF498A1-B863-4BD1-9CAA-0B21DE68CC26}"
EndProject
Project("{FAE04EC0-301F-11D3-BF4B-00C04F79EFBC}") = "RedactionTool", "tools\redaction-tool\RedactionTool.csproj", "{7261E94F-7883-463C-B20E-6609AE4A4A70}"
EndProject
Project("{FAE04EC0-301F-11D3-BF4B-00C04F79EFBC}") = "RedirectChainAnalyzer", "tools\redirect-chain-analyzer\RedirectChainAnalyzer.csproj", "{320BF904-0734-48D1-A6DA-ECAE81F27C2A}"
EndProject
Project("{FAE04EC0-301F-11D3-BF4B-00C04F79EFBC}") = "ResponseDiffer", "tools\response-differ\ResponseDiffer.csproj", "{A88CCEDA-FF8C-4C4C-A602-D91D66F9AC36}"
EndProject
Project("{2150E333-8FDC-42A3-9474-1A3956D46DE8}") = "tests", "tests", "{2428C54B-55F7-457F-96F3-B0658C9BD3A0}"
EndProject
Project("{FAE04EC0-301F-11D3-BF4B-00C04F79EFBC}") = "Toolkit.Tests", "tests\Toolkit.Tests\Toolkit.Tests.csproj", "{473226BA-827F-4574-AD34-09C17275CD44}"
EndProject
Global
	GlobalSection(SolutionConfigurationPlatforms) = preSolution
		Debug|Any CPU = Debug|Any CPU
		Release|Any CPU = Release|Any CPU
	EndGlobalSection
	GlobalSection(SolutionProperties) = preSolution
		HideSolutionNode = FALSE
	EndGlobalSection
	GlobalSection(ProjectConfigurationPlatforms) = postSolution
		{B3FFF02E-0902-481B-A7F8-6330B7894406}.Debug|Any CPU.ActiveCfg = Debug|Any CPU
		{B3FFF02E-0902-481B-A7F8-6330B7894406}.Debug|Any CPU.Build.0 = Debug|Any CPU
		{B3FFF02E-0902-481B-A7F8-6330B7894406}.Release|Any CPU.ActiveCfg = Release|Any CPU
		{B3FFF02E-0902-481B-A7F8-6330B7894406}.Release|Any CPU.Build.0 = Release|Any CPU
		{F5D82BCE-E1F8-4941-ABF4-3C022C019BE1}.Debug|Any CPU.ActiveCfg = Debug|Any CPU
		{F5D82BCE-E1F8-4941-ABF4-3C022C019BE1}.Debug|Any CPU.Build.0 = Debug|Any CPU
		{F5D82BCE-E1F8-4941-ABF4-3C022C019BE1}.Release|Any CPU.ActiveCfg = Release|Any CPU
		{F5D82BCE-E1F8-4941-ABF4-3C022C019BE1}.Release|Any CPU.Build.0 = Release|Any CPU
		{107A7E72-405C-4C9D-848A-0FE83283DA3B}.Debug|Any CPU.ActiveCfg = Debug|Any CPU
		{107A7E72-405C-4C9D-848A-0FE83283DA3B}.Debug|Any CPU.Build.0 = Debug|Any CPU
		{107A7E72-405C-4C9D-848A-0FE83283DA3B}.Release|Any CPU.ActiveCfg = Release|Any CPU
		{107A7E72-405C-4C9D-848A-0FE83283DA3B}.Release|Any CPU.Build.0 = Release|Any CPU
		{30CC0254-177A-405A-A9B0-016C2BDDB08C}.Debug|Any CPU.ActiveCfg = Debug|Any CPU
		{30CC0254-177A-405A-A9B0-016C2BDDB08C}.Debug|Any CPU.Build.0 = Debug|Any CPU
		{30CC0254-177A-405A-A9B0-016C2BDDB08C}.Release|Any CPU.ActiveCfg = Release|Any CPU
		{30CC0254-177A-405A-A9B0-016C2BDDB08C}.Release|Any CPU.Build.0 = Release|Any CPU
		{DD561935-2229-4322-B7E1-B9BE39180F94}.Debug|Any CPU.ActiveCfg = Debug|Any CPU
		{DD561935-2229-4322-B7E1-B9BE39180F94}.Debug|Any CPU.Build.0 = Debug|Any CPU
		{DD561935-2229-4322-B7E1-B9BE39180F94}.Release|Any CPU.ActiveCfg = Release|Any CPU
		{DD561935-2229-4322-B7E1-B9BE39180F94}.Release|Any CPU.Build.0 = Release|Any CPU
		{5818EE02-4690-41E2-B9AD-507B04FA22EE}.Debug|Any CPU.ActiveCfg = Debug|Any CPU
		{5818EE02-4690-41E2-B9AD-507B04FA22EE}.Debug|Any CPU.Build.0 = Debug|Any CPU
		{5818EE02-4690-41E2-B9AD-507B04FA22EE}.Release|Any CPU.ActiveCfg = Release|Any CPU
		{5818EE02-4690-41E2-B9AD-507B04FA22EE}.Release|Any CPU.Build.0 = Release|Any CPU
		{583DE7D3-8CCE-461E-BC0E-D45042D457E5}.Debug|Any CPU.ActiveCfg = Debug|Any CPU
		{583DE7D3-8CCE-461E-BC0E-D45042D457E5}.Debug|Any CPU.Build.0 = Debug|Any CPU
		{583DE7D3-8CCE-461E-BC0E-D45042D457E5}.Release|Any CPU.ActiveCfg = Release|Any CPU
		{583DE7D3-8CCE-461E-BC0E-D45042D457E5}.Release|Any CPU.Build.0 = Release|Any CPU
		{7AF498A1-B863-4BD1-9CAA-0B21DE68CC26}.Debug|Any CPU.ActiveCfg = Debug|Any CPU
		{7AF498A1-B863-4BD1-9CAA-0B21DE68CC26}.Debug|Any CPU.Build.0 = Debug|Any CPU
		{7AF498A1-B863-4BD1-9CAA-0B21DE68CC26}.Release|Any CPU.ActiveCfg = Release|Any CPU
		{7AF498A1-B863-4BD1-9CAA-0B21DE68CC26}.Release|Any CPU.Build.0 = Release|Any CPU
		{7261E94F-7883-463C-B20E-6609AE4A4A70}.Debug|Any CPU.ActiveCfg = Debug|Any CPU
		{7261E94F-7883-463C-B20E-6609AE4A4A70}.Debug|Any CPU.Build.0 = Debug|Any CPU
		{7261E94F-7883-463C-B20E-6609AE4A4A70}.Release|Any CPU.ActiveCfg = Release|Any CPU
		{7261E94F-7883-463C-B20E-6609AE4A4A70}.Release|Any CPU.Build.0 = Release|Any CPU
		{320BF904-0734-48D1-A6DA-ECAE81F27C2A}.Debug|Any CPU.ActiveCfg = Debug|Any CPU
		{320BF904-0734-48D1-A6DA-ECAE81F27C2A}.Debug|Any CPU.Build.0 = Debug|Any CPU
		{320BF904-0734-48D1-A6DA-ECAE81F27C2A}.Release|Any CPU.ActiveCfg = Release|Any CPU
		{320BF904-0734-48D1-A6DA-ECAE81F27C2A}.Release|Any CPU.Build.0 = Release|Any CPU
		{A88CCEDA-FF8C-4C4C-A602-D91D66F9AC36}.Debug|Any CPU.ActiveCfg = Debug|Any CPU
		{A88CCEDA-FF8C-4C4C-A602-D91D66F9AC36}.Debug|Any CPU.Build.0 = Debug|Any CPU
		{A88CCEDA-FF8C-4C4C-A602-D91D66F9AC36}.Release|Any CPU.ActiveCfg = Release|Any CPU
		{A88CCEDA-FF8C-4C4C-A602-D91D66F9AC36}.Release|Any CPU.Build.0 = Release|Any CPU
		{473226BA-827F-4574-AD34-09C17275CD44}.Debug|Any CPU.ActiveCfg = Debug|Any CPU
		{473226BA-827F-4574-AD34-09C17275CD44}.Debug|Any CPU.Build.0 = Debug|Any CPU
		{473226BA-827F-4574-AD34-09C17275CD44}.Release|Any CPU.ActiveCfg = Release|Any CPU
		{473226BA-827F-4574-AD34-09C17275CD44}.Release|Any CPU.Build.0 = Release|Any CPU
	EndGlobalSection
	GlobalSection(NestedProjects) = preSolution
		{B3FFF02E-0902-481B-A7F8-6330B7894406} = {8332AB67-4AFC-43E7-902A-402319EDC9D2}
		{F5D82BCE-E1F8-4941-ABF4-3C022C019BE1} = {36B74A73-B10D-4436-9884-CF30B60B73E7}
		{107A7E72-405C-4C9D-848A-0FE83283DA3B} = {36B74A73-B10D-4436-9884-CF30B60B73E7}
		{30CC0254-177A-405A-A9B0-016C2BDDB08C} = {36B74A73-B10D-4436-9884-CF30B60B73E7}
		{DD561935-2229-4322-B7E1-B9BE39180F94} = {36B74A73-B10D-4436-9884-CF30B60B73E7}
		{5818EE02-4690-41E2-B9AD-507B04FA22EE} = {36B74A73-B10D-4436-9884-CF30B60B73E7}
		{583DE7D3-8CCE-461E-BC0E-D45042D457E5} = {36B74A73-B10D-4436-9884-CF30B60B73E7}
		{7AF498A1-B863-4BD1-9CAA-0B21DE68CC26} = {36B74A73-B10D-4436-9884-CF30B60B73E7}
		{7261E94F-7883-463C-B20E-6609AE4A4A70} = {36B74A73-B10D-4436-9884-CF30B60B73E7}
		{320BF904-0734-48D1-A6DA-ECAE81F27C2A} = {36B74A73-B10D-4436-9884-CF30B60B73E7}
		{A88CCEDA-FF8C-4C4C-A602-D91D66F9AC36} = {36B74A73-B10D-4436-9884-CF30B60B73E7}
		{473226BA-827F-4574-AD34-09C17275CD44} = {2428C54B-55F7-457F-96F3-B0658C9BD3A0}
	EndGlobalSection
EndGlobal
